// !$*UTF8*$!
{
	archiveVersion = 1;
	classes = {
	};
	objectVersion = 56;
	objects = {

/* Begin PBXBuildFile section */
		8EC7E3522A9603340001C731 /* AppDelegate.swift in Sources */ = {isa = PBXBuildFile; fileRef = 8EC7E3512A9603340001C731 /* AppDelegate.swift */; };
		8EC7E3542A9603340001C731 /* SceneDelegate.swift in Sources */ = {isa = PBXBuildFile; fileRef = 8EC7E3532A9603340001C731 /* SceneDelegate.swift */; };
		8EC7E3562A9603340001C731 /* ChooseParamsViewController.swift in Sources */ = {isa = PBXBuildFile; fileRef = 8EC7E3552A9603340001C731 /* ChooseParamsViewController.swift */; };
		8EC7E3592A9603340001C731 /* Main.storyboard in Resources */ = {isa = PBXBuildFile; fileRef = 8EC7E3572A9603340001C731 /* Main.storyboard */; };
		8EC7E35B2A9603350001C731 /* Assets.xcassets in Resources */ = {isa = PBXBuildFile; fileRef = 8EC7E35A2A9603350001C731 /* Assets.xcassets */; };
		8EC7E35E2A9603350001C731 /* LaunchScreen.storyboard in Resources */ = {isa = PBXBuildFile; fileRef = 8EC7E35C2A9603350001C731 /* LaunchScreen.storyboard */; };
		8EC7E3662A9603E20001C731 /* Models.swift in Sources */ = {isa = PBXBuildFile; fileRef = 8EC7E3652A9603E20001C731 /* Models.swift */; };
		8EC7E3682A969AB00001C731 /* ChooseParamsViewModel.swift in Sources */ = {isa = PBXBuildFile; fileRef = 8EC7E3672A969AB00001C731 /* ChooseParamsViewModel.swift */; };
		8EC7E36A2A96A03B0001C731 /* PhotoListViewController.swift in Sources */ = {isa = PBXBuildFile; fileRef = 8EC7E3692A96A03B0001C731 /* PhotoListViewController.swift */; };
		8EC7E36C2A96A0450001C731 /* PhotoListViewModel.swift in Sources */ = {isa = PBXBuildFile; fileRef = 8EC7E36B2A96A0450001C731 /* PhotoListViewModel.swift */; };
/* End PBXBuildFile section */

/* Begin PBXFileReference section */
		8EC7E34E2A9603340001C731 /* NasaDemo.app */ = {isa = PBXFileReference; explicitFileType = wrapper.application; includeInIndex = 0; path = NasaDemo.app; sourceTree = BUILT_PRODUCTS_DIR; };
		8EC7E3512A9603340001C731 /* AppDelegate.swift */ = {isa = PBXFileReference; lastKnownFileType = sourcecode.swift; path = AppDelegate.swift; sourceTree = "<group>"; };
		8EC7E3532A9603340001C731 /* SceneDelegate.swift */ = {isa = PBXFileReference; lastKnownFileType = sourcecode.swift; path = SceneDelegate.swift; sourceTree = "<group>"; };
		8EC7E3552A9603340001C731 /* ChooseParamsViewController.swift */ = {isa = PBXFileReference; lastKnownFileType = sourcecode.swift; path = ChooseParamsViewController.swift; sourceTree = "<group>"; };
		8EC7E3582A9603340001C731 /* Base */ = {isa = PBXFileReference; lastKnownFileType = file.storyboard; name = Base; path = Base.lproj/Main.storyboard; sourceTree = "<group>"; };
		8EC7E35A2A9603350001C731 /* Assets.xcassets */ = {isa = PBXFileReference; lastKnownFileType = folder.assetcatalog; path = Assets.xcassets; sourceTree = "<group>"; };
		8EC7E35D2A9603350001C731 /* Base */ = {isa = PBXFileReference; lastKnownFileType = file.storyboard; name = Base; path = Base.lproj/LaunchScreen.storyboard; sourceTree = "<group>"; };
		8EC7E35F2A9603350001C731 /* Info.plist */ = {isa = PBXFileReference; lastKnownFileType = text.plist.xml; path = Info.plist; sourceTree = "<group>"; };
		8EC7E3652A9603E20001C731 /* Models.swift */ = {isa = PBXFileReference; lastKnownFileType = sourcecode.swift; path = Models.swift; sourceTree = "<group>"; };
		8EC7E3672A969AB00001C731 /* ChooseParamsViewModel.swift */ = {isa = PBXFileReference; lastKnownFileType = sourcecode.swift; path = ChooseParamsViewModel.swift; sourceTree = "<group>"; };
		8EC7E3692A96A03B0001C731 /* PhotoListViewController.swift */ = {isa = PBXFileReference; lastKnownFileType = sourcecode.swift; path = PhotoListViewController.swift; sourceTree = "<group>"; };
		8EC7E36B2A96A0450001C731 /* PhotoListViewModel.swift */ = {isa = PBXFileReference; lastKnownFileType = sourcecode.swift; path = PhotoListViewModel.swift; sourceTree = "<group>"; };
/* End PBXFileReference section */

/* Begin PBXFrameworksBuildPhase section */
		8EC7E34B2A9603340001C731 /* Frameworks */ = {
			isa = PBXFrameworksBuildPhase;
			buildActionMask = 2147483647;
			files = (
			);
			runOnlyForDeploymentPostprocessing = 0;
		};
/* End PBXFrameworksBuildPhase section */

/* Begin PBXGroup section */
		8EC7E3452A9603340001C731 = {
			isa = PBXGroup;
			children = (
				8EC7E3502A9603340001C731 /* NasaDemo */,
				8EC7E34F2A9603340001C731 /* Products */,
			);
			sourceTree = "<group>";
		};
		8EC7E34F2A9603340001C731 /* Products */ = {
			isa = PBXGroup;
			children = (
				8EC7E34E2A9603340001C731 /* NasaDemo.app */,
			);
			name = Products;
			sourceTree = "<group>";
		};
		8EC7E3502A9603340001C731 /* NasaDemo */ = {
			isa = PBXGroup;
			children = (
				8EC7E3512A9603340001C731 /* AppDelegate.swift */,
				8EC7E3532A9603340001C731 /* SceneDelegate.swift */,
				8EC7E3552A9603340001C731 /* ChooseParamsViewController.swift */,
				8EC7E3672A969AB00001C731 /* ChooseParamsViewModel.swift */,
				8EC7E3692A96A03B0001C731 /* PhotoListViewController.swift */,
				8EC7E36B2A96A0450001C731 /* PhotoListViewModel.swift */,
				8EC7E3652A9603E20001C731 /* Models.swift */,
				8EC7E3572A9603340001C731 /* Main.storyboard */,
				8EC7E35A2A9603350001C731 /* Assets.xcassets */,
				8EC7E35C2A9603350001C731 /* LaunchScreen.storyboard */,
				8EC7E35F2A9603350001C731 /* Info.plist */,
			);
			path = NasaDemo;
			sourceTree = "<group>";
		};
/* End PBXGroup section */

/* Begin PBXNativeTarget section */
		8EC7E34D2A9603340001C731 /* NasaDemo */ = {
			isa = PBXNativeTarget;
			buildConfigurationList = 8EC7E3622A9603350001C731 /* Build configuration list for PBXNativeTarget "NasaDemo" */;
			buildPhases = (
				8EC7E34A2A9603340001C731 /* Sources */,
				8EC7E34B2A9603340001C731 /* Frameworks */,
				8EC7E34C2A9603340001C731 /* Resources */,
			);
			buildRules = (
			);
			dependencies = (
			);
			name = NasaDemo;
			productName = NasaDemo;
			productReference = 8EC7E34E2A9603340001C731 /* NasaDemo.app */;
			productType = "com.apple.product-type.application";
		};
/* End PBXNativeTarget section */

/* Begin PBXProject section */
		8EC7E3462A9603340001C731 /* Project object */ = {
			isa = PBXProject;
			attributes = {
				BuildIndependentTargetsInParallel = 1;
				LastSwiftUpdateCheck = 1430;
				LastUpgradeCheck = 1430;
				TargetAttributes = {
					8EC7E34D2A9603340001C731 = {
						CreatedOnToolsVersion = 14.3.1;
					};
				};
			};
			buildConfigurationList = 8EC7E3492A9603340001C731 /* Build configuration list for PBXProject "NasaDemo" */;
			compatibilityVersion = "Xcode 14.0";
			developmentRegion = en;
			hasScannedForEncodings = 0;
			knownRegions = (
				en,
				Base,
			);
			mainGroup = 8EC7E3452A9603340001C731;
			productRefGroup = 8EC7E34F2A9603340001C731 /* Products */;
			projectDirPath = "";
			projectRoot = "";
			targets = (
				8EC7E34D2A9603340001C731 /* NasaDemo */,
			);
		};
/* End PBXProject section */

/* Begin PBXResourcesBuildPhase section */
		8EC7E34C2A9603340001C731 /* Resources */ = {
			isa = PBXResourcesBuildPhase;
			buildActionMask = 2147483647;
			files = (
				8EC7E35E2A9603350001C731 /* LaunchScreen.storyboard in Resources */,
				8EC7E35B2A9603350001C731 /* Assets.xcassets in Resources */,
				8EC7E3592A9603340001C731 /* Main.storyboard in Resources */,
			);
			runOnlyForDeploymentPostprocessing = 0;
		};
/* End PBXResourcesBuildPhase section */

/* Begin PBXSourcesBuildPhase section */
		8EC7E34A2A9603340001C731 /* Sources */ = {
			isa = PBXSourcesBuildPhase;
			buildActionMask = 2147483647;
			files = (
				8EC7E3562A9603340001C731 /* ChooseParamsViewController.swift in Sources */,
				8EC7E3522A9603340001C731 /* AppDelegate.swift in Sources */,
				8EC7E3542A9603340001C731 /* SceneDelegate.swift in Sources */,
				8EC7E3682A969AB00001C731 /* ChooseParamsViewModel.swift in Sources */,
				8EC7E3662A9603E20001C731 /* Models.swift in Sources */,
				8EC7E36A2A96A03B0001C731 /* PhotoListViewController.swift in Sources */,
				8EC7E36C2A96A0450001C731 /* PhotoListViewModel.swift in Sources */,
			);
			runOnlyForDeploymentPostprocessing = 0;
		};
/* End PBXSourcesBuildPhase section */

/* Begin PBXVariantGroup section */
		8EC7E3572A9603340001C731 /* Main.storyboard */ = {
			isa = PBXVariantGroup;
			children = (
				8EC7E3582A9603340001C731 /* Base */,
			);
			name = Main.storyboard;
			sourceTree = "<group>";
		};
		8EC7E35C2A9603350001C731 /* LaunchScreen.storyboard */ = {
			isa = PBXVariantGroup;
			children = (
				8EC7E35D2A9603350001C731 /* Base */,
			);
			name = LaunchScreen.storyboard;
			sourceTree = "<group>";
		};
/* End PBXVariantGroup section */

/* Begin XCBuildConfiguration section */
		8EC7E3602A9603350001C731 /* Debug */ = {
			isa = XCBuildConfiguration;
			buildSettings = {
				ALWAYS_SEARCH_USER_PATHS = NO;
				CLANG_ANALYZER_NONNULL = YES;
				CLANG_ANALYZER_NUMBER_OBJECT_CONVERSION = YES_AGGRESSIVE;
				CLANG_CXX_LANGUAGE_STANDARD = "gnu++20";
				CLANG_ENABLE_MODULES = YES;
				CLANG_ENABLE_OBJC_ARC = YES;
				CLANG_ENABLE_OBJC_WEAK = YES;
				CLANG_WARN_BLOCK_CAPTURE_AUTORELEASING = YES;
				CLANG_WARN_BOOL_CONVERSION = YES;
				CLANG_WARN_COMMA = YES;
				CLANG_WARN_CONSTANT_CONVERSION = YES;
				CLANG_WARN_DEPRECATED_OBJC_IMPLEMENTATIONS = YES;
				CLANG_WARN_DIRECT_OBJC_ISA_USAGE = YES_ERROR;
				CLANG_WARN_DOCUMENTATION_COMMENTS = YES;
				CLANG_WARN_EMPTY_BODY = YES;
				CLANG_WARN_ENUM_CONVERSION = YES;
				CLANG_WARN_INFINITE_RECURSION = YES;
				CLANG_WARN_INT_CONVERSION = YES;
				CLANG_WARN_NON_LITERAL_NULL_CONVERSION = YES;
				CLANG_WARN_OBJC_IMPLICIT_RETAIN_SELF = YES;
				CLANG_WARN_OBJC_LITERAL_CONVERSION = YES;
				CLANG_WARN_OBJC_ROOT_CLASS = YES_ERROR;
				CLANG_WARN_QUOTED_INCLUDE_IN_FRAMEWORK_HEADER = YES;
				CLANG_WARN_RANGE_LOOP_ANALYSIS = YES;
				CLANG_WARN_STRICT_PROTOTYPES = YES;
				CLANG_WARN_SUSPICIOUS_MOVE = YES;
				CLANG_WARN_UNGUARDED_AVAILABILITY = YES_AGGRESSIVE;
				CLANG_WARN_UNREACHABLE_CODE = YES;
				CLANG_WARN__DUPLICATE_METHOD_MATCH = YES;
				COPY_PHASE_STRIP = NO;
				DEBUG_INFORMATION_FORMAT = dwarf;
				ENABLE_STRICT_OBJC_MSGSEND = YES;
				ENABLE_TESTABILITY = YES;
				GCC_C_LANGUAGE_STANDARD = gnu11;
				GCC_DYNAMIC_NO_PIC = NO;
				GCC_NO_COMMON_BLOCKS = YES;
				GCC_OPTIMIZATION_LEVEL = 0;
				GCC_PREPROCESSOR_DEFINITIONS = (
					"DEBUG=1",
					"$(inherited)",
				);
				GCC_WARN_64_TO_32_BIT_CONVERSION = YES;
				GCC_WARN_ABOUT_RETURN_TYPE = YES_ERROR;
				GCC_WARN_UNDECLARED_SELECTOR = YES;
				GCC_WARN_UNINITIALIZED_AUTOS = YES_AGGRESSIVE;
				GCC_WARN_UNUSED_FUNCTION = YES;
				GCC_WARN_UNUSED_VARIABLE = YES;
				IPHONEOS_DEPLOYMENT_TARGET = 16.4;
				MTL_ENABLE_DEBUG_INFO = INCLUDE_SOURCE;
				MTL_FAST_MATH = YES;
				ONLY_ACTIVE_ARCH = YES;
				SDKROOT = iphoneos;
				SWIFT_ACTIVE_COMPILATION_CONDITIONS = DEBUG;
				SWIFT_OPTIMIZATION_LEVEL = "-Onone";
			};
			name = Debug;
		};
		8EC7E3612A9603350001C731 /* Release */ = {
			isa = XCBuildConfiguration;
			buildSettings = {
				ALWAYS_SEARCH_USER_PATHS = NO;
				CLANG_ANALYZER_NONNULL = YES;
				CLANG_ANALYZER_NUMBER_OBJECT_CONVERSION = YES_AGGRESSIVE;
				CLANG_CXX_LANGUAGE_STANDARD = "gnu++20";
				CLANG_ENABLE_MODULES = YES;
				CLANG_ENABLE_OBJC_ARC = YES;
				CLANG_ENABLE_OBJC_WEAK = YES;
				CLANG_WARN_BLOCK_CAPTURE_AUTORELEASING = YES;
				CLANG_WARN_BOOL_CONVERSION = YES;
				CLANG_WARN_COMMA = YES;
				CLANG_WARN_CONSTANT_CONVERSION = YES;
				CLANG_WARN_DEPRECATED_OBJC_IMPLEMENTATIONS = YES;
				CLANG_WARN_DIRECT_OBJC_ISA_USAGE = YES_ERROR;
				CLANG_WARN_DOCUMENTATION_COMMENTS = YES;
				CLANG_WARN_EMPTY_BODY = YES;
				CLANG_WARN_ENUM_CONVERSION = YES;
				CLANG_WARN_INFINITE_RECURSION = YES;
				CLANG_WARN_INT_CONVERSION = YES;
				CLANG_WARN_NON_LITERAL_NULL_CONVERSION = YES;
				CLANG_WARN_OBJC_IMPLICIT_RETAIN_SELF = YES;
				CLANG_WARN_OBJC_LITERAL_CONVERSION = YES;
				CLANG_WARN_OBJC_ROOT_CLASS = YES_ERROR;
				CLANG_WARN_QUOTED_INCLUDE_IN_FRAMEWORK_HEADER = YES;
				CLANG_WARN_RANGE_LOOP_ANALYSIS = YES;
				CLANG_WARN_STRICT_PROTOTYPES = YES;
				CLANG_WARN_SUSPICIOUS_MOVE = YES;
				CLANG_WARN_UNGUARDED_AVAILABILITY = YES_AGGRESSIVE;
				CLANG_WARN_UNREACHABLE_CODE = YES;
				CLANG_WARN__DUPLICATE_METHOD_MATCH = YES;
				COPY_PHASE_STRIP = NO;
				DEBUG_INFORMATION_FORMAT = "dwarf-with-dsym";
				ENABLE_NS_ASSERTIONS = NO;
				ENABLE_STRICT_OBJC_MSGSEND = YES;
				GCC_C_LANGUAGE_STANDARD = gnu11;
				GCC_NO_COMMON_BLOCKS = YES;
				GCC_WARN_64_TO_32_BIT_CONVERSION = YES;
				GCC_WARN_ABOUT_RETURN_TYPE = YES_ERROR;
				GCC_WARN_UNDECLARED_SELECTOR = YES;
				GCC_WARN_UNINITIALIZED_AUTOS = YES_AGGRESSIVE;
				GCC_WARN_UNUSED_FUNCTION = YES;
				GCC_WARN_UNUSED_VARIABLE = YES;
				IPHONEOS_DEPLOYMENT_TARGET = 16.4;
				MTL_ENABLE_DEBUG_INFO = NO;
				MTL_FAST_MATH = YES;
				SDKROOT = iphoneos;
				SWIFT_COMPILATION_MODE = wholemodule;
				SWIFT_OPTIMIZATION_LEVEL = "-O";
				VALIDATE_PRODUCT = YES;
			};
			name = Release;
		};
		8EC7E3632A9603350001C731 /* Debug */ = {
			isa = XCBuildConfiguration;
			buildSettings = {
				ASSETCATALOG_COMPILER_APPICON_NAME = AppIcon;
				ASSETCATALOG_COMPILER_GLOBAL_ACCENT_COLOR_NAME = AccentColor;
				CODE_SIGN_STYLE = Automatic;
				CURRENT_PROJECT_VERSION = 1;
				DEVELOPMENT_TEAM = 99RMQYGPTX;
				GENERATE_INFOPLIST_FILE = YES;
				INFOPLIST_FILE = NasaDemo/Info.plist;
				INFOPLIST_KEY_UIApplicationSupportsIndirectInputEvents = YES;
				INFOPLIST_KEY_UILaunchStoryboardName = LaunchScreen;
				INFOPLIST_KEY_UIMainStoryboardFile = Main;
				INFOPLIST_KEY_UISupportedInterfaceOrientations_iPad = "UIInterfaceOrientationPortrait UIInterfaceOrientationPortraitUpsideDown UIInterfaceOrientationLandscapeLeft UIInterfaceOrientationLandscapeRight";
				INFOPLIST_KEY_UISupportedInterfaceOrientations_iPhone = "UIInterfaceOrientationPortrait UIInterfaceOrientationLandscapeLeft UIInterfaceOrientationLandscapeRight";
				LD_RUNPATH_SEARCH_PATHS = (
					"$(inherited)",
					"@executable_path/Frameworks",
				);
				MARKETING_VERSION = 1.0;
				PRODUCT_BUNDLE_IDENTIFIER = "com.app.nasa-demo.NasaDemo";
				PRODUCT_NAME = "$(TARGET_NAME)";
				SWIFT_EMIT_LOC_STRINGS = YES;
				SWIFT_VERSION = 5.0;
				TARGETED_DEVICE_FAMILY = "1,2";
			};
			name = Debug;
		};
		8EC7E3642A9603350001C731 /* Release */ = {
			isa = XCBuildConfiguration;
			buildSettings = {
				ASSETCATALOG_COMPILER_APPICON_NAME = AppIcon;
				ASSETCATALOG_COMPILER_GLOBAL_ACCENT_COLOR_NAME = AccentColor;
				CODE_SIGN_STYLE = Automatic;
				CURRENT_PROJECT_VERSION = 1;
				DEVELOPMENT_TEAM = 99RMQYGPTX;
				GENERATE_INFOPLIST_FILE = YES;
				INFOPLIST_FILE = NasaDemo/Info.plist;
				INFOPLIST_KEY_UIApplicationSupportsIndirectInputEvents = YES;
				INFOPLIST_KEY_UILaunchStoryboardName = LaunchScreen;
				INFOPLIST_KEY_UIMainStoryboardFile = Main;
				INFOPLIST_KEY_UISupportedInterfaceOrientations_iPad = "UIInterfaceOrientationPortrait UIInterfaceOrientationPortraitUpsideDown UIInterfaceOrientationLandscapeLeft UIInterfaceOrientationLandscapeRight";
				INFOPLIST_KEY_UISupportedInterfaceOrientations_iPhone = "UIInterfaceOrientationPortrait UIInterfaceOrientationLandscapeLeft UIInterfaceOrientationLandscapeRight";
				LD_RUNPATH_SEARCH_PATHS = (
					"$(inherited)",
					"@executable_path/Frameworks",
				);
				MARKETING_VERSION = 1.0;
				PRODUCT_BUNDLE_IDENTIFIER = "com.app.nasa-demo.NasaDemo";
				PRODUCT_NAME = "$(TARGET_NAME)";
				SWIFT_EMIT_LOC_STRINGS = YES;
				SWIFT_VERSION = 5.0;
				TARGETED_DEVICE_FAMILY = "1,2";
			};
			name = Release;
		};
/* End XCBuildConfiguration section */

/* Begin XCConfigurationList section */
		8EC7E3492A9603340001C731 /* Build configuration list for PBXProject "NasaDemo" */ = {
			isa = XCConfigurationList;
			buildConfigurations = (
				8EC7E3602A9603350001C731 /* Debug */,
				8EC7E3612A9603350001C731 /* Release */,
			);
			defaultConfigurationIsVisible = 0;
			defaultConfigurationName = Release;
		};
		8EC7E3622A9603350001C731 /* Build configuration list for PBXNativeTarget "NasaDemo" */ = {
			isa = XCConfigurationList;
			buildConfigurations = (
				8EC7E3632A9603350001C731 /* Debug */,
				8EC7E3642A9603350001C731 /* Release */,
			);
			defaultConfigurationIsVisible = 0;
			defaultConfigurationName = Release;
		};
/* End XCConfigurationList section */
	};
	rootObject = 8EC7E3462A9603340001C731 /* Project object */;
}
